
Microsoft Visual Studio Solution File, Format Version 12.00
# Visual Studio Version 17
VisualStudioVersion = 17.0.31903.59
MinimumVisualStudioVersion = 10.0.40219.1
Project("{FAE04EC0-301F-11D3-BF4B-00C04F79EFBC}") = "Entity_Example", "Entity_Example\Entity_Example.csproj", "{1E09A7FD-1A62-42F5-8277-207507495FD6}"
EndProject
Global
	GlobalSection(SolutionConfigurationPlatforms) = preSolution
		Debug|Any CPU = Debug|Any CPU
		Release|Any CPU = Release|Any CPU
	EndGlobalSection
	GlobalSection(ProjectConfigurationPlatforms) = postSolution
		{1E09A7FD-1A62-42F5-8277-207507495FD6}.Debug|Any CPU.ActiveCfg = Debug|Any CPU
		{1E09A7FD-1A62-42F5-8277-207507495FD6}.Debug|Any CPU.Build.0 = Debug|Any CPU
		{1E09A7FD-1A62-42F5-8277-207507495FD6}.Release|Any CPU.ActiveCfg = Release|Any CPU
		{1E09A7FD-1A62-42F5-8277-207507495FD6}.Release|Any CPU.Build.0 = Release|Any CPU
	EndGlobalSection
	GlobalSection(SolutionProperties) = preSolution
		HideSolutionNode = FALSE
	EndGlobalSection
	GlobalSection(ExtensibilityGlobals) = postSolution
		SolutionGuid = {AB74B020-94BB-47DE-91F5-3541584AAF8A}
	EndGlobalSection
EndGlobal
